
Microsoft Visual Studio Solution File, Format Version 12.00
# Visual Studio Version 17
VisualStudioVersion = 17.1.32328.378
MinimumVisualStudioVersion = 10.0.40219.1
Project("{FAE04EC0-301F-11D3-BF4B-00C04F79EFBC}") = "CryptoPriceApp", "CryptoPriceApp\CryptoPriceApp.csproj", "{0E9208CB-4512-431B-82E6-25A96A3DF910}"
EndProject
Global
	GlobalSection(SolutionConfigurationPlatforms) = preSolution
		Debug|Any CPU = Debug|Any CPU
		Release|Any CPU = Release|Any CPU
	EndGlobalSection
	GlobalSection(ProjectConfigurationPlatforms) = postSolution
		{0E9208CB-4512-431B-82E6-25A96A3DF910}.Debug|Any CPU.ActiveCfg = Debug|Any CPU
		{0E9208CB-4512-431B-82E6-25A96A3DF910}.Debug|Any CPU.Build.0 = Debug|Any CPU
		{0E9208CB-4512-431B-82E6-25A96A3DF910}.Release|Any CPU.ActiveCfg = Release|Any CPU
		{0E9208CB-4512-431B-82E6-25A96A3DF910}.Release|Any CPU.Build.0 = Release|Any CPU
	EndGlobalSection
	GlobalSection(SolutionProperties) = preSolution
		HideSolutionNode = FALSE
	EndGlobalSection
	GlobalSection(ExtensibilityGlobals) = postSolution
		SolutionGuid = {9EC65E1E-C89A-4AA2-A06E-4AC466178309}
	EndGlobalSection
EndGlobal
